<?xml version="1.0" encoding="utf-8"?>
<Project ToolsVersion="4.0" xmlns="http://schemas.microsoft.com/developer/msbuild/2003">
  <ItemGroup>
    <ClCompile Include="src\ofApp.cpp">
      <Filter>src</Filter>
    </ClCompile>
    <ClCompile Include="src\main.cpp">
      <Filter>src</Filter>
    </ClCompile>
    <ClCompile Include="notes.cpp" />
    <ClCompile Include="src\model.cpp">
      <Filter>src</Filter>
    </ClCompile>
    <ClCompile Include="src\trialcode.cpp">
      <Filter>src</Filter>
    </ClCompile>
    <ClCompile Include="src\timeline.cpp">
      <Filter>src</Filter>
    </ClCompile>
    <ClCompile Include="src\color.cpp">
      <Filter>src</Filter>
    </ClCompile>
    <ClCompile Include="src\scenes.cpp">
      <Filter>src</Filter>
    </ClCompile>
    <ClCompile Include="src\animation.cpp">
      <Filter>src</Filter>
    </ClCompile>
    <ClCompile Include="src\control.cpp">
      <Filter>src</Filter>
    </ClCompile>
    <ClCompile Include="src\kinect2552.cpp">
      <Filter>src</Filter>
    </ClCompile>
    <ClCompile Include="src\kinectSound.cpp">
      <Filter>src</Filter>
    </ClCompile>
    <ClCompile Include="src\kinectUtils.cpp">
      <Filter>src</Filter>
    </ClCompile>
    <ClCompile Include="src\networking.cpp">
      <Filter>src</Filter>
    </ClCompile>
    <ClCompile Include="src\sound.cpp">
      <Filter>src</Filter>
    </ClCompile>
    <ClCompile Include="src\shaders.cpp">
      <Filter>src</Filter>
    </ClCompile>
    <ClCompile Include="..\..\..\addons\ofxAnimatable\src\ofxAnimatable.cpp">
      <Filter>addons\ofxAnimatable\src</Filter>
    </ClCompile>
    <ClCompile Include="..\..\..\addons\ofxAnimatable\src\ofxAnimatableFloat.cpp">
      <Filter>addons\ofxAnimatable\src</Filter>
    </ClCompile>
    <ClCompile Include="..\..\..\addons\ofxAnimatable\src\ofxAnimatableOfColor.cpp">
      <Filter>addons\ofxAnimatable\src</Filter>
    </ClCompile>
    <ClCompile Include="..\..\..\addons\ofxAnimatable\src\ofxAnimatableOfPoint.cpp">
      <Filter>addons\ofxAnimatable\src</Filter>
    </ClCompile>
    <ClCompile Include="..\..\..\addons\ofxJson\src\ofxJSONElement.cpp">
      <Filter>addons\ofxJson\src</Filter>
    </ClCompile>
    <ClCompile Include="..\..\..\addons\ofxJson\libs\jsoncpp\src\jsoncpp.cpp">
      <Filter>addons\ofxJson\libs\jsoncpp\src</Filter>
    </ClCompile>
    <ClCompile Include="..\..\..\addons\ofxParagraph\src\ofxParagraph.cpp">
      <Filter>addons\ofxParagraph\src</Filter>
    </ClCompile>
    <ClCompile Include="..\..\..\addons\ofxSmartFont\src\ofxSmartFont.cpp">
      <Filter>addons\ofxSmartFont\src</Filter>
    </ClCompile>
    <ClCompile Include="..\..\..\addons\ofxSnappy\libs\snappy\src\snappy-sinksource.cc">
      <Filter>addons\ofxSnappy\libs\snappy\src</Filter>
    </ClCompile>
    <ClCompile Include="..\..\..\addons\ofxSnappy\libs\snappy\src\snappy-stubs-internal.cc">
      <Filter>addons\ofxSnappy\libs\snappy\src</Filter>
    </ClCompile>
    <ClCompile Include="..\..\..\addons\ofxSnappy\libs\snappy\src\snappy.cc">
      <Filter>addons\ofxSnappy\libs\snappy\src</Filter>
    </ClCompile>
    <ClCompile Include="..\..\..\addons\ofxNetwork\src\ofxTCPClient.cpp">
      <Filter>addons\ofxNetwork\src</Filter>
    </ClCompile>
    <ClCompile Include="..\..\..\addons\ofxNetwork\src\ofxTCPManager.cpp">
      <Filter>addons\ofxNetwork\src</Filter>
    </ClCompile>
    <ClCompile Include="..\..\..\addons\ofxNetwork\src\ofxTCPServer.cpp">
      <Filter>addons\ofxNetwork\src</Filter>
    </ClCompile>
    <ClCompile Include="..\..\..\addons\ofxNetwork\src\ofxUDPManager.cpp">
      <Filter>addons\ofxNetwork\src</Filter>
    </ClCompile>
    <ClCompile Include="..\..\..\addons\ofxOsc\src\ofxOscBundle.cpp">
      <Filter>addons\ofxOsc\src</Filter>
    </ClCompile>
    <ClCompile Include="..\..\..\addons\ofxOsc\src\ofxOscMessage.cpp">
      <Filter>addons\ofxOsc\src</Filter>
    </ClCompile>
    <ClCompile Include="..\..\..\addons\ofxOsc\src\ofxOscParameterSync.cpp">
      <Filter>addons\ofxOsc\src</Filter>
    </ClCompile>
    <ClCompile Include="..\..\..\addons\ofxOsc\src\ofxOscReceiver.cpp">
      <Filter>addons\ofxOsc\src</Filter>
    </ClCompile>
    <ClCompile Include="..\..\..\addons\ofxOsc\src\ofxOscSender.cpp">
      <Filter>addons\ofxOsc\src</Filter>
    </ClCompile>
    <ClCompile Include="..\..\..\addons\ofxOsc\libs\oscpack\src\ip\IpEndpointName.cpp">
      <Filter>addons\ofxOsc\libs\oscpack\src\ip</Filter>
    </ClCompile>
    <ClCompile Include="..\..\..\addons\ofxOsc\libs\oscpack\src\ip\posix\NetworkingUtils.cpp">
      <Filter>addons\ofxOsc\libs\oscpack\src\ip\posix</Filter>
    </ClCompile>
    <ClCompile Include="..\..\..\addons\ofxOsc\libs\oscpack\src\ip\posix\UdpSocket.cpp">
      <Filter>addons\ofxOsc\libs\oscpack\src\ip\posix</Filter>
    </ClCompile>
    <ClCompile Include="..\..\..\addons\ofxOsc\libs\oscpack\src\ip\win32\NetworkingUtils.cpp">
      <Filter>addons\ofxOsc\libs\oscpack\src\ip\win32</Filter>
    </ClCompile>
    <ClCompile Include="..\..\..\addons\ofxOsc\libs\oscpack\src\ip\win32\UdpSocket.cpp">
      <Filter>addons\ofxOsc\libs\oscpack\src\ip\win32</Filter>
    </ClCompile>
    <ClCompile Include="..\..\..\addons\ofxOsc\libs\oscpack\src\osc\OscOutboundPacketStream.cpp">
      <Filter>addons\ofxOsc\libs\oscpack\src\osc</Filter>
    </ClCompile>
    <ClCompile Include="..\..\..\addons\ofxOsc\libs\oscpack\src\osc\OscPrintReceivedElements.cpp">
      <Filter>addons\ofxOsc\libs\oscpack\src\osc</Filter>
    </ClCompile>
    <ClCompile Include="..\..\..\addons\ofxOsc\libs\oscpack\src\osc\OscReceivedElements.cpp">
      <Filter>addons\ofxOsc\libs\oscpack\src\osc</Filter>
    </ClCompile>
    <ClCompile Include="..\..\..\addons\ofxOsc\libs\oscpack\src\osc\OscTypes.cpp">
      <Filter>addons\ofxOsc\libs\oscpack\src\osc</Filter>
    </ClCompile>
    <ClCompile Include="..\..\..\addons\ofxXmlSettings\src\ofxXmlSettings.cpp">
      <Filter>addons\ofxXmlSettings\src</Filter>
    </ClCompile>
    <ClCompile Include="..\..\..\addons\ofxXmlSettings\libs\tinyxml.cpp">
      <Filter>addons\ofxXmlSettings\libs</Filter>
    </ClCompile>
    <ClCompile Include="..\..\..\addons\ofxXmlSettings\libs\tinyxmlerror.cpp">
      <Filter>addons\ofxXmlSettings\libs</Filter>
    </ClCompile>
    <ClCompile Include="..\..\..\addons\ofxXmlSettings\libs\tinyxmlparser.cpp">
      <Filter>addons\ofxXmlSettings\libs</Filter>
    </ClCompile>
    <ClCompile Include="..\..\..\addons\ofxVectorGraphics\src\ofxVectorGraphics.cpp">
      <Filter>addons\ofxVectorGraphics\src</Filter>
    </ClCompile>
    <ClCompile Include="..\..\..\addons\ofxVectorGraphics\libs\CreEPS.cpp">
      <Filter>addons\ofxVectorGraphics\libs</Filter>
    </ClCompile>
  </ItemGroup>
  <ItemGroup>
    <Filter Include="src">
      <UniqueIdentifier>{d8376475-7454-4a24-b08a-aac121d3ad6f}</UniqueIdentifier>
    </Filter>
    <Filter Include="addons">
      <UniqueIdentifier>{44236aad-6673-4333-871e-2acd26176387}</UniqueIdentifier>
    </Filter>
    <Filter Include="addons\ofxAnimatable">
      <UniqueIdentifier>{e49ca89f-5c40-4812-a5f5-ff817983bd1d}</UniqueIdentifier>
    </Filter>
    <Filter Include="addons\ofxAnimatable\src">
      <UniqueIdentifier>{d8f66409-ecff-407e-a26c-effb224eab39}</UniqueIdentifier>
    </Filter>
    <Filter Include="addons\ofxJson">
      <UniqueIdentifier>{4b0e0b7a-dd73-40e8-b9fd-c9736828df0a}</UniqueIdentifier>
    </Filter>
    <Filter Include="addons\ofxJson\src">
      <UniqueIdentifier>{7a43739f-2cc8-4dd5-b776-1424760725df}</UniqueIdentifier>
    </Filter>
    <Filter Include="addons\ofxJson\libs">
      <UniqueIdentifier>{bb7f2254-1693-45f5-accc-2405bd72a9ef}</UniqueIdentifier>
    </Filter>
    <Filter Include="addons\ofxJson\libs\jsoncpp">
      <UniqueIdentifier>{228cdbc6-6fbb-43d6-be39-dae026d40f82}</UniqueIdentifier>
    </Filter>
    <Filter Include="addons\ofxJson\libs\jsoncpp\include">
      <UniqueIdentifier>{19598888-a097-4b21-b652-d404dc1a682c}</UniqueIdentifier>
    </Filter>
    <Filter Include="addons\ofxJson\libs\jsoncpp\include\json">
      <UniqueIdentifier>{e48cd002-56b6-4bc6-b80b-d4f1eae1cba3}</UniqueIdentifier>
    </Filter>
    <Filter Include="addons\ofxJson\libs\jsoncpp\src">
      <UniqueIdentifier>{872f9e78-32c0-49b5-b24a-92787808a1c5}</UniqueIdentifier>
    </Filter>
    <Filter Include="addons\ofxParagraph">
      <UniqueIdentifier>{073a914e-4acb-4614-bf4d-302f79e3bf96}</UniqueIdentifier>
    </Filter>
    <Filter Include="addons\ofxParagraph\src">
      <UniqueIdentifier>{8aed3b7f-b571-4596-9675-59ae4fb8ea3b}</UniqueIdentifier>
    </Filter>
    <Filter Include="addons\ofxSmartFont">
      <UniqueIdentifier>{175ca0b6-336f-48b8-bf50-956f3e972896}</UniqueIdentifier>
    </Filter>
    <Filter Include="addons\ofxSmartFont\src">
      <UniqueIdentifier>{520a5a52-4775-4d35-9bea-fcd1dd7e2796}</UniqueIdentifier>
    </Filter>
    <Filter Include="addons\ofxSnappy">
      <UniqueIdentifier>{a8125ec7-a7d1-4a66-9353-62f266cf34e0}</UniqueIdentifier>
    </Filter>
    <Filter Include="addons\ofxSnappy\libs">
      <UniqueIdentifier>{82c13e95-2e68-4268-a6a4-ca23f20f8ebc}</UniqueIdentifier>
    </Filter>
    <Filter Include="addons\ofxSnappy\libs\snappy">
      <UniqueIdentifier>{2c601798-62a6-4c4b-b0f3-fceb94c9cbbc}</UniqueIdentifier>
    </Filter>
    <Filter Include="addons\ofxSnappy\libs\snappy\src">
      <UniqueIdentifier>{48ae16da-8506-4201-8fdc-6beffd258575}</UniqueIdentifier>
    </Filter>
    <Filter Include="addons\ofxNetwork">
      <UniqueIdentifier>{a310da03-3268-4ad7-be5e-b3a12c36c6e8}</UniqueIdentifier>
    </Filter>
    <Filter Include="addons\ofxNetwork\src">
      <UniqueIdentifier>{9b19d2e6-2bbb-4b10-8dc0-097351551870}</UniqueIdentifier>
    </Filter>
    <Filter Include="addons\ofxOsc">
      <UniqueIdentifier>{07925786-8d9c-409b-b32b-e18ebb01c0f4}</UniqueIdentifier>
    </Filter>
    <Filter Include="addons\ofxOsc\src">
      <UniqueIdentifier>{1d3e7c88-4d15-497e-9f05-c1d4ef720f91}</UniqueIdentifier>
    </Filter>
    <Filter Include="addons\ofxOsc\libs">
      <UniqueIdentifier>{5306b49c-e016-4044-ad0e-245147623bd8}</UniqueIdentifier>
    </Filter>
    <Filter Include="addons\ofxOsc\libs\oscpack">
      <UniqueIdentifier>{dd53989b-0e80-445e-93f5-310950db0261}</UniqueIdentifier>
    </Filter>
    <Filter Include="addons\ofxOsc\libs\oscpack\src">
      <UniqueIdentifier>{558c253f-26f2-4cbf-8bf2-6276e80eebf9}</UniqueIdentifier>
    </Filter>
    <Filter Include="addons\ofxOsc\libs\oscpack\src\ip">
      <UniqueIdentifier>{f43ca624-e155-4498-8e61-17a2f1b51111}</UniqueIdentifier>
    </Filter>
    <Filter Include="addons\ofxOsc\libs\oscpack\src\ip\posix">
      <UniqueIdentifier>{698e0211-5412-46ee-b004-dacd7eed6381}</UniqueIdentifier>
    </Filter>
    <Filter Include="addons\ofxOsc\libs\oscpack\src\ip\win32">
      <UniqueIdentifier>{1fbfb3e4-88b4-4d72-b3de-e4352e9793d8}</UniqueIdentifier>
    </Filter>
    <Filter Include="addons\ofxOsc\libs\oscpack\src\osc">
      <UniqueIdentifier>{48a807fe-7264-42fd-bfbb-e158b73a21a1}</UniqueIdentifier>
    </Filter>
    <Filter Include="addons\ofxXmlSettings">
      <UniqueIdentifier>{907baf70-d479-4be4-b713-4d86a1066b7a}</UniqueIdentifier>
    </Filter>
    <Filter Include="addons\ofxXmlSettings\src">
      <UniqueIdentifier>{ec396bf0-69dc-4212-ba2c-4802685c236b}</UniqueIdentifier>
    </Filter>
    <Filter Include="addons\ofxXmlSettings\libs">
      <UniqueIdentifier>{d8fdb5be-7fa5-4617-8478-ba4da8760c19}</UniqueIdentifier>
    </Filter>
    <Filter Include="addons\ofxVectorGraphics">
      <UniqueIdentifier>{ddb832cd-7550-48e2-a77d-84defe2fe4ef}</UniqueIdentifier>
    </Filter>
    <Filter Include="addons\ofxVectorGraphics\src">
      <UniqueIdentifier>{6e036eac-896a-4970-9f1d-bb1105aa4fa5}</UniqueIdentifier>
    </Filter>
    <Filter Include="addons\ofxVectorGraphics\libs">
      <UniqueIdentifier>{deb8be00-6d57-46a0-9fbb-26dae1215c53}</UniqueIdentifier>
    </Filter>
  </ItemGroup>
  <ItemGroup>
    <ClInclude Include="src\ofApp.h">
      <Filter>src</Filter>
    </ClInclude>
    <ClInclude Include="src\model.h">
      <Filter>src</Filter>
    </ClInclude>
    <ClInclude Include="src\timeline.h">
      <Filter>src</Filter>
    </ClInclude>
    <ClInclude Include="src\color.h">
      <Filter>src</Filter>
    </ClInclude>
    <ClInclude Include="src\scenes.h">
      <Filter>src</Filter>
    </ClInclude>
    <ClInclude Include="src\animation.h">
      <Filter>src</Filter>
    </ClInclude>
    <ClInclude Include="src\kinect2552.h">
      <Filter>src</Filter>
    </ClInclude>
    <ClInclude Include="src\networking.h">
      <Filter>src</Filter>
    </ClInclude>
    <ClInclude Include="src\control.h">
      <Filter>src</Filter>
    </ClInclude>
    <ClInclude Include="src\sound.h">
      <Filter>src</Filter>
    </ClInclude>
    <ClInclude Include="src\consts.h">
      <Filter>src</Filter>
    </ClInclude>
    <ClInclude Include="src\shaders.h">
      <Filter>src</Filter>
    </ClInclude>
    <ClInclude Include="..\..\..\addons\ofxAnimatable\src\ofxAnimatable.h">
      <Filter>addons\ofxAnimatable\src</Filter>
    </ClInclude>
    <ClInclude Include="..\..\..\addons\ofxAnimatable\src\ofxAnimatableFloat.h">
      <Filter>addons\ofxAnimatable\src</Filter>
    </ClInclude>
    <ClInclude Include="..\..\..\addons\ofxAnimatable\src\ofxAnimatableOfColor.h">
      <Filter>addons\ofxAnimatable\src</Filter>
    </ClInclude>
    <ClInclude Include="..\..\..\addons\ofxAnimatable\src\ofxAnimatableOfPoint.h">
      <Filter>addons\ofxAnimatable\src</Filter>
    </ClInclude>
    <ClInclude Include="..\..\..\addons\ofxJson\src\ofxJSON.h">
      <Filter>addons\ofxJson\src</Filter>
    </ClInclude>
    <ClInclude Include="..\..\..\addons\ofxJson\src\ofxJSONElement.h">
      <Filter>addons\ofxJson\src</Filter>
    </ClInclude>
    <ClInclude Include="..\..\..\addons\ofxJson\libs\jsoncpp\include\json\json-forwards.h">
      <Filter>addons\ofxJson\libs\jsoncpp\include\json</Filter>
    </ClInclude>
    <ClInclude Include="..\..\..\addons\ofxJson\libs\jsoncpp\include\json\json.h">
      <Filter>addons\ofxJson\libs\jsoncpp\include\json</Filter>
    </ClInclude>
    <ClInclude Include="..\..\..\addons\ofxParagraph\src\ofxParagraph.h">
      <Filter>addons\ofxParagraph\src</Filter>
    </ClInclude>
    <ClInclude Include="..\..\..\addons\ofxSmartFont\src\ofxSmartFont.h">
      <Filter>addons\ofxSmartFont\src</Filter>
    </ClInclude>
    <ClInclude Include="..\..\..\addons\ofxSnappy\libs\snappy\src\snappy-internal.h">
      <Filter>addons\ofxSnappy\libs\snappy\src</Filter>
    </ClInclude>
    <ClInclude Include="..\..\..\addons\ofxSnappy\libs\snappy\src\snappy-sinksource.h">
      <Filter>addons\ofxSnappy\libs\snappy\src</Filter>
    </ClInclude>
    <ClInclude Include="..\..\..\addons\ofxSnappy\libs\snappy\src\snappy-stubs-internal.h">
      <Filter>addons\ofxSnappy\libs\snappy\src</Filter>
    </ClInclude>
    <ClInclude Include="..\..\..\addons\ofxSnappy\libs\snappy\src\snappy-stubs-public.h">
      <Filter>addons\ofxSnappy\libs\snappy\src</Filter>
    </ClInclude>
    <ClInclude Include="..\..\..\addons\ofxSnappy\libs\snappy\src\snappy.h">
      <Filter>addons\ofxSnappy\libs\snappy\src</Filter>
    </ClInclude>
    <ClInclude Include="..\..\..\addons\ofxNetwork\src\ofxNetwork.h">
      <Filter>addons\ofxNetwork\src</Filter>
    </ClInclude>
    <ClInclude Include="..\..\..\addons\ofxNetwork\src\ofxNetworkUtils.h">
      <Filter>addons\ofxNetwork\src</Filter>
    </ClInclude>
    <ClInclude Include="..\..\..\addons\ofxNetwork\src\ofxTCPClient.h">
      <Filter>addons\ofxNetwork\src</Filter>
    </ClInclude>
    <ClInclude Include="..\..\..\addons\ofxNetwork\src\ofxTCPManager.h">
      <Filter>addons\ofxNetwork\src</Filter>
    </ClInclude>
    <ClInclude Include="..\..\..\addons\ofxNetwork\src\ofxTCPServer.h">
      <Filter>addons\ofxNetwork\src</Filter>
    </ClInclude>
    <ClInclude Include="..\..\..\addons\ofxNetwork\src\ofxUDPManager.h">
      <Filter>addons\ofxNetwork\src</Filter>
    </ClInclude>
    <ClInclude Include="..\..\..\addons\ofxOsc\src\ofxOsc.h">
      <Filter>addons\ofxOsc\src</Filter>
    </ClInclude>
    <ClInclude Include="..\..\..\addons\ofxOsc\src\ofxOscArg.h">
      <Filter>addons\ofxOsc\src</Filter>
    </ClInclude>
    <ClInclude Include="..\..\..\addons\ofxOsc\src\ofxOscBundle.h">
      <Filter>addons\ofxOsc\src</Filter>
    </ClInclude>
    <ClInclude Include="..\..\..\addons\ofxOsc\src\ofxOscMessage.h">
      <Filter>addons\ofxOsc\src</Filter>
    </ClInclude>
    <ClInclude Include="..\..\..\addons\ofxOsc\src\ofxOscParameterSync.h">
      <Filter>addons\ofxOsc\src</Filter>
    </ClInclude>
    <ClInclude Include="..\..\..\addons\ofxOsc\src\ofxOscReceiver.h">
      <Filter>addons\ofxOsc\src</Filter>
    </ClInclude>
    <ClInclude Include="..\..\..\addons\ofxOsc\src\ofxOscSender.h">
      <Filter>addons\ofxOsc\src</Filter>
    </ClInclude>
    <ClInclude Include="..\..\..\addons\ofxOsc\libs\oscpack\src\ip\IpEndpointName.h">
      <Filter>addons\ofxOsc\libs\oscpack\src\ip</Filter>
    </ClInclude>
    <ClInclude Include="..\..\..\addons\ofxOsc\libs\oscpack\src\ip\NetworkingUtils.h">
      <Filter>addons\ofxOsc\libs\oscpack\src\ip</Filter>
    </ClInclude>
    <ClInclude Include="..\..\..\addons\ofxOsc\libs\oscpack\src\ip\PacketListener.h">
      <Filter>addons\ofxOsc\libs\oscpack\src\ip</Filter>
    </ClInclude>
    <ClInclude Include="..\..\..\addons\ofxOsc\libs\oscpack\src\ip\TimerListener.h">
      <Filter>addons\ofxOsc\libs\oscpack\src\ip</Filter>
    </ClInclude>
    <ClInclude Include="..\..\..\addons\ofxOsc\libs\oscpack\src\ip\UdpSocket.h">
      <Filter>addons\ofxOsc\libs\oscpack\src\ip</Filter>
    </ClInclude>
    <ClInclude Include="..\..\..\addons\ofxOsc\libs\oscpack\src\osc\MessageMappingOscPacketListener.h">
      <Filter>addons\ofxOsc\libs\oscpack\src\osc</Filter>
    </ClInclude>
    <ClInclude Include="..\..\..\addons\ofxOsc\libs\oscpack\src\osc\OscException.h">
      <Filter>addons\ofxOsc\libs\oscpack\src\osc</Filter>
    </ClInclude>
    <ClInclude Include="..\..\..\addons\ofxOsc\libs\oscpack\src\osc\OscHostEndianness.h">
      <Filter>addons\ofxOsc\libs\oscpack\src\osc</Filter>
    </ClInclude>
    <ClInclude Include="..\..\..\addons\ofxOsc\libs\oscpack\src\osc\OscOutboundPacketStream.h">
      <Filter>addons\ofxOsc\libs\oscpack\src\osc</Filter>
    </ClInclude>
    <ClInclude Include="..\..\..\addons\ofxOsc\libs\oscpack\src\osc\OscPacketListener.h">
      <Filter>addons\ofxOsc\libs\oscpack\src\osc</Filter>
    </ClInclude>
    <ClInclude Include="..\..\..\addons\ofxOsc\libs\oscpack\src\osc\OscPrintReceivedElements.h">
      <Filter>addons\ofxOsc\libs\oscpack\src\osc</Filter>
    </ClInclude>
    <ClInclude Include="..\..\..\addons\ofxOsc\libs\oscpack\src\osc\OscReceivedElements.h">
      <Filter>addons\ofxOsc\libs\oscpack\src\osc</Filter>
    </ClInclude>
    <ClInclude Include="..\..\..\addons\ofxOsc\libs\oscpack\src\osc\OscTypes.h">
      <Filter>addons\ofxOsc\libs\oscpack\src\osc</Filter>
    </ClInclude>
    <ClInclude Include="..\..\..\addons\ofxXmlSettings\src\ofxXmlSettings.h">
      <Filter>addons\ofxXmlSettings\src</Filter>
    </ClInclude>
    <ClInclude Include="..\..\..\addons\ofxXmlSettings\libs\tinyxml.h">
      <Filter>addons\ofxXmlSettings\libs</Filter>
    </ClInclude>
    <ClInclude Include="..\..\..\addons\ofxVectorGraphics\src\ofxVectorGraphics.h">
      <Filter>addons\ofxVectorGraphics\src</Filter>
    </ClInclude>
    <ClInclude Include="..\..\..\addons\ofxVectorGraphics\libs\CreEPS.hpp">
      <Filter>addons\ofxVectorGraphics\libs</Filter>
    </ClInclude>
    <ClInclude Include="..\..\..\addons\ofxVectorGraphics\libs\CreEPS_Types.hpp">
      <Filter>addons\ofxVectorGraphics\libs</Filter>
    </ClInclude>
  </ItemGroup>
  <ItemGroup>
    <ResourceCompile Include="icon.rc" />
  </ItemGroup>
  <ItemGroup>
    <None Include="bin\data\json.json" />
  </ItemGroup>
</Project>