<?xml version="1.0" encoding="utf-8"?>
<Project ToolsVersion="4.0" xmlns="http://schemas.microsoft.com/developer/msbuild/2003">
  <ItemGroup>
    <ClCompile Include="src\ofApp.cpp">
      <Filter>src</Filter>
    </ClCompile>
    <ClCompile Include="src\main.cpp">
      <Filter>src</Filter>
    </ClCompile>
    <ClCompile Include="notes.cpp" />
    <ClCompile Include="src\model.cpp">
      <Filter>src</Filter>
    </ClCompile>
    <ClCompile Include="src\trialcode.cpp">
      <Filter>src</Filter>
    </ClCompile>
    <ClCompile Include="src\timeline.cpp">
      <Filter>src</Filter>
    </ClCompile>
    <ClCompile Include="src\color.cpp">
      <Filter>src</Filter>
    </ClCompile>
    <ClCompile Include="src\scenes.cpp">
      <Filter>src</Filter>
    </ClCompile>
    <ClCompile Include="src\animation.cpp">
      <Filter>src</Filter>
    </ClCompile>
    <ClCompile Include="src\control.cpp">
      <Filter>src</Filter>
    </ClCompile>
    <ClCompile Include="src\kinect2552.cpp">
      <Filter>src</Filter>
    </ClCompile>
    <ClCompile Include="src\kinectSound.cpp">
      <Filter>src</Filter>
    </ClCompile>
    <ClCompile Include="src\kinectUtils.cpp">
      <Filter>src</Filter>
    </ClCompile>
    <ClCompile Include="src\networking.cpp">
      <Filter>src</Filter>
    </ClCompile>
    <ClCompile Include="src\sound.cpp">
      <Filter>src</Filter>
    </ClCompile>
    <ClCompile Include="src\shaders.cpp">
      <Filter>src</Filter>
    </ClCompile>
    <ClCompile Include="..\..\..\addons\ofxNetwork\src\ofxTCPClient.cpp">
      <Filter>addons\ofxNetwork\src</Filter>
    </ClCompile>
    <ClCompile Include="..\..\..\addons\ofxNetwork\src\ofxTCPManager.cpp">
      <Filter>addons\ofxNetwork\src</Filter>
    </ClCompile>
    <ClCompile Include="..\..\..\addons\ofxNetwork\src\ofxTCPServer.cpp">
      <Filter>addons\ofxNetwork\src</Filter>
    </ClCompile>
    <ClCompile Include="..\..\..\addons\ofxNetwork\src\ofxUDPManager.cpp">
      <Filter>addons\ofxNetwork\src</Filter>
    </ClCompile>
    <ClCompile Include="..\..\..\addons\ofxOsc\src\ofxOscBundle.cpp">
      <Filter>addons\ofxOsc\src</Filter>
    </ClCompile>
    <ClCompile Include="..\..\..\addons\ofxOsc\src\ofxOscMessage.cpp">
      <Filter>addons\ofxOsc\src</Filter>
    </ClCompile>
    <ClCompile Include="..\..\..\addons\ofxOsc\src\ofxOscParameterSync.cpp">
      <Filter>addons\ofxOsc\src</Filter>
    </ClCompile>
    <ClCompile Include="..\..\..\addons\ofxOsc\src\ofxOscReceiver.cpp">
      <Filter>addons\ofxOsc\src</Filter>
    </ClCompile>
    <ClCompile Include="..\..\..\addons\ofxOsc\src\ofxOscSender.cpp">
      <Filter>addons\ofxOsc\src</Filter>
    </ClCompile>
    <ClCompile Include="..\..\..\addons\ofxOsc\libs\oscpack\src\ip\IpEndpointName.cpp">
      <Filter>addons\ofxOsc\libs\oscpack\src\ip</Filter>
    </ClCompile>
    <ClCompile Include="..\..\..\addons\ofxOsc\libs\oscpack\src\ip\posix\NetworkingUtils.cpp">
      <Filter>addons\ofxOsc\libs\oscpack\src\ip\posix</Filter>
    </ClCompile>
    <ClCompile Include="..\..\..\addons\ofxOsc\libs\oscpack\src\ip\posix\UdpSocket.cpp">
      <Filter>addons\ofxOsc\libs\oscpack\src\ip\posix</Filter>
    </ClCompile>
    <ClCompile Include="..\..\..\addons\ofxOsc\libs\oscpack\src\ip\win32\NetworkingUtils.cpp">
      <Filter>addons\ofxOsc\libs\oscpack\src\ip\win32</Filter>
    </ClCompile>
    <ClCompile Include="..\..\..\addons\ofxOsc\libs\oscpack\src\ip\win32\UdpSocket.cpp">
      <Filter>addons\ofxOsc\libs\oscpack\src\ip\win32</Filter>
    </ClCompile>
    <ClCompile Include="..\..\..\addons\ofxOsc\libs\oscpack\src\osc\OscOutboundPacketStream.cpp">
      <Filter>addons\ofxOsc\libs\oscpack\src\osc</Filter>
    </ClCompile>
    <ClCompile Include="..\..\..\addons\ofxOsc\libs\oscpack\src\osc\OscPrintReceivedElements.cpp">
      <Filter>addons\ofxOsc\libs\oscpack\src\osc</Filter>
    </ClCompile>
    <ClCompile Include="..\..\..\addons\ofxOsc\libs\oscpack\src\osc\OscReceivedElements.cpp">
      <Filter>addons\ofxOsc\libs\oscpack\src\osc</Filter>
    </ClCompile>
    <ClCompile Include="..\..\..\addons\ofxOsc\libs\oscpack\src\osc\OscTypes.cpp">
      <Filter>addons\ofxOsc\libs\oscpack\src\osc</Filter>
    </ClCompile>
    <ClCompile Include="..\..\..\addons\ofxAnimatable\src\ofxAnimatable.cpp">
      <Filter>addons\ofxAnimatable\src</Filter>
    </ClCompile>
    <ClCompile Include="..\..\..\addons\ofxAnimatable\src\ofxAnimatableFloat.cpp">
      <Filter>addons\ofxAnimatable\src</Filter>
    </ClCompile>
    <ClCompile Include="..\..\..\addons\ofxAnimatable\src\ofxAnimatableOfColor.cpp">
      <Filter>addons\ofxAnimatable\src</Filter>
    </ClCompile>
    <ClCompile Include="..\..\..\addons\ofxAnimatable\src\ofxAnimatableOfPoint.cpp">
      <Filter>addons\ofxAnimatable\src</Filter>
    </ClCompile>
    <ClCompile Include="..\..\..\addons\ofxBeat\src\fft.cpp">
      <Filter>addons\ofxBeat\src</Filter>
    </ClCompile>
    <ClCompile Include="..\..\..\addons\ofxBeat\src\ofxBeat.cpp">
      <Filter>addons\ofxBeat\src</Filter>
    </ClCompile>
    <ClCompile Include="..\..\..\addons\ofxJson\src\ofxJSONElement.cpp">
      <Filter>addons\ofxJson\src</Filter>
    </ClCompile>
    <ClCompile Include="..\..\..\addons\ofxJson\libs\jsoncpp\src\jsoncpp.cpp">
      <Filter>addons\ofxJson\libs\jsoncpp\src</Filter>
    </ClCompile>
    <ClCompile Include="..\..\..\addons\ofxParagraph\src\ofxParagraph.cpp">
      <Filter>addons\ofxParagraph\src</Filter>
    </ClCompile>
    <ClCompile Include="..\..\..\addons\ofxSmartFont\src\ofxSmartFont.cpp">
      <Filter>addons\ofxSmartFont\src</Filter>
    </ClCompile>
    <ClCompile Include="..\..\..\addons\ofxSnappy\libs\snappy\src\snappy-sinksource.cc">
      <Filter>addons\ofxSnappy\libs\snappy\src</Filter>
    </ClCompile>
    <ClCompile Include="..\..\..\addons\ofxSnappy\libs\snappy\src\snappy-stubs-internal.cc">
      <Filter>addons\ofxSnappy\libs\snappy\src</Filter>
    </ClCompile>
    <ClCompile Include="..\..\..\addons\ofxSnappy\libs\snappy\src\snappy.cc">
      <Filter>addons\ofxSnappy\libs\snappy\src</Filter>
    </ClCompile>
    <ClCompile Include="..\..\..\addons\ofxXmlSettings\src\ofxXmlSettings.cpp">
      <Filter>addons\ofxXmlSettings\src</Filter>
    </ClCompile>
    <ClCompile Include="..\..\..\addons\ofxXmlSettings\libs\tinyxml.cpp">
      <Filter>addons\ofxXmlSettings\libs</Filter>
    </ClCompile>
    <ClCompile Include="..\..\..\addons\ofxXmlSettings\libs\tinyxmlerror.cpp">
      <Filter>addons\ofxXmlSettings\libs</Filter>
    </ClCompile>
    <ClCompile Include="..\..\..\addons\ofxXmlSettings\libs\tinyxmlparser.cpp">
      <Filter>addons\ofxXmlSettings\libs</Filter>
    </ClCompile>
  </ItemGroup>
  <ItemGroup>
    <Filter Include="src">
      <UniqueIdentifier>{d8376475-7454-4a24-b08a-aac121d3ad6f}</UniqueIdentifier>
    </Filter>
    <Filter Include="addons">
      <UniqueIdentifier>{ed757ae0-126e-46ff-964c-9dd10186982b}</UniqueIdentifier>
    </Filter>
    <Filter Include="addons\ofxNetwork">
      <UniqueIdentifier>{f877e97a-9e09-44fc-a54c-7ef79eb4fed5}</UniqueIdentifier>
    </Filter>
    <Filter Include="addons\ofxNetwork\src">
      <UniqueIdentifier>{d82422e1-c717-4d84-8965-b0f823470d51}</UniqueIdentifier>
    </Filter>
    <Filter Include="addons\ofxOsc">
      <UniqueIdentifier>{6208d8d1-3739-4b63-9fdc-27432748e3c8}</UniqueIdentifier>
    </Filter>
    <Filter Include="addons\ofxOsc\src">
      <UniqueIdentifier>{91ecfc2a-6da1-4d7d-a4d0-95807af28bd2}</UniqueIdentifier>
    </Filter>
    <Filter Include="addons\ofxOsc\libs">
      <UniqueIdentifier>{aa21f71b-e82d-491a-9971-6d4febfed600}</UniqueIdentifier>
    </Filter>
    <Filter Include="addons\ofxOsc\libs\oscpack">
      <UniqueIdentifier>{5758ff77-367d-494f-98ed-d11168008edb}</UniqueIdentifier>
    </Filter>
    <Filter Include="addons\ofxOsc\libs\oscpack\src">
      <UniqueIdentifier>{ea2fcc65-0d5e-4a2c-a554-1459bad2520e}</UniqueIdentifier>
    </Filter>
    <Filter Include="addons\ofxOsc\libs\oscpack\src\ip">
      <UniqueIdentifier>{2e2e32b2-521d-4558-bde7-41dd28d74438}</UniqueIdentifier>
    </Filter>
    <Filter Include="addons\ofxOsc\libs\oscpack\src\ip\posix">
      <UniqueIdentifier>{5647e9ee-5edc-4135-8569-8e06f1dec090}</UniqueIdentifier>
    </Filter>
    <Filter Include="addons\ofxOsc\libs\oscpack\src\ip\win32">
      <UniqueIdentifier>{9556b64c-abde-433b-8e84-e4324f9452bc}</UniqueIdentifier>
    </Filter>
    <Filter Include="addons\ofxOsc\libs\oscpack\src\osc">
      <UniqueIdentifier>{f9aa0e3d-5b4e-4802-8ec8-42964205ac07}</UniqueIdentifier>
    </Filter>
    <Filter Include="addons\ofxAnimatable">
      <UniqueIdentifier>{69e3b7d4-e95f-4099-b5b7-aad41f71fe1a}</UniqueIdentifier>
    </Filter>
    <Filter Include="addons\ofxAnimatable\src">
      <UniqueIdentifier>{cfc3ab48-1df2-4bbe-8380-d9acc5d7e232}</UniqueIdentifier>
    </Filter>
    <Filter Include="addons\ofxBeat">
      <UniqueIdentifier>{dbd405ad-c12f-481d-b281-7e466333c1d6}</UniqueIdentifier>
    </Filter>
    <Filter Include="addons\ofxBeat\src">
      <UniqueIdentifier>{86513a44-fcd0-480b-9ba0-09b4476e266f}</UniqueIdentifier>
    </Filter>
    <Filter Include="addons\ofxJson">
      <UniqueIdentifier>{2b125342-2412-403f-8c61-6f60978e9e2c}</UniqueIdentifier>
    </Filter>
    <Filter Include="addons\ofxJson\src">
      <UniqueIdentifier>{21356d49-1a62-415c-8924-cf0bff3135f1}</UniqueIdentifier>
    </Filter>
    <Filter Include="addons\ofxJson\libs">
      <UniqueIdentifier>{ab87fec7-c0b9-4bb8-b40c-ad27238f1953}</UniqueIdentifier>
    </Filter>
    <Filter Include="addons\ofxJson\libs\jsoncpp">
      <UniqueIdentifier>{86cb168a-3271-487b-86a0-6c7b0242fdc8}</UniqueIdentifier>
    </Filter>
    <Filter Include="addons\ofxJson\libs\jsoncpp\include">
      <UniqueIdentifier>{6a098c83-151b-40d6-9df6-7fc962354b0a}</UniqueIdentifier>
    </Filter>
    <Filter Include="addons\ofxJson\libs\jsoncpp\include\json">
      <UniqueIdentifier>{6b7b64dd-4257-4bfd-894c-4266cccdd9f2}</UniqueIdentifier>
    </Filter>
    <Filter Include="addons\ofxJson\libs\jsoncpp\src">
      <UniqueIdentifier>{a14afc46-aa94-45fa-b87c-970ee525adf5}</UniqueIdentifier>
    </Filter>
    <Filter Include="addons\ofxParagraph">
      <UniqueIdentifier>{b7ab38a4-a59c-467a-87c3-6eb83f055c53}</UniqueIdentifier>
    </Filter>
    <Filter Include="addons\ofxParagraph\src">
      <UniqueIdentifier>{ce2ec62c-1dde-4587-9566-27c4b227df48}</UniqueIdentifier>
    </Filter>
    <Filter Include="addons\ofxSmartFont">
      <UniqueIdentifier>{75dca210-6e15-4efe-a8a3-5be370500f60}</UniqueIdentifier>
    </Filter>
    <Filter Include="addons\ofxSmartFont\src">
      <UniqueIdentifier>{d49e43f8-bedc-430d-9995-edb2a1e7be7f}</UniqueIdentifier>
    </Filter>
    <Filter Include="addons\ofxSnappy">
      <UniqueIdentifier>{a43e12fc-f48d-43ec-b1f8-d0f8a4f0835d}</UniqueIdentifier>
    </Filter>
    <Filter Include="addons\ofxSnappy\libs">
      <UniqueIdentifier>{a154510b-7669-425e-b2a9-1c0379231b21}</UniqueIdentifier>
    </Filter>
    <Filter Include="addons\ofxSnappy\libs\snappy">
      <UniqueIdentifier>{389820ee-7114-4f18-abf7-db8dc500f282}</UniqueIdentifier>
    </Filter>
    <Filter Include="addons\ofxSnappy\libs\snappy\src">
      <UniqueIdentifier>{fede970a-1069-4fcb-bc79-a785772bc25b}</UniqueIdentifier>
    </Filter>
    <Filter Include="addons\ofxXmlSettings">
      <UniqueIdentifier>{a54084aa-06e9-47ce-8b43-d99a3d70d9a9}</UniqueIdentifier>
    </Filter>
    <Filter Include="addons\ofxXmlSettings\src">
      <UniqueIdentifier>{97bb0a85-2570-4898-8ac2-ad2515da6535}</UniqueIdentifier>
    </Filter>
    <Filter Include="addons\ofxXmlSettings\libs">
      <UniqueIdentifier>{d1fddfc7-3fce-478c-956b-7f34577724b8}</UniqueIdentifier>
    </Filter>
  </ItemGroup>
  <ItemGroup>
    <ClInclude Include="src\ofApp.h">
      <Filter>src</Filter>
    </ClInclude>
    <ClInclude Include="src\model.h">
      <Filter>src</Filter>
    </ClInclude>
    <ClInclude Include="src\timeline.h">
      <Filter>src</Filter>
    </ClInclude>
    <ClInclude Include="src\color.h">
      <Filter>src</Filter>
    </ClInclude>
    <ClInclude Include="src\scenes.h">
      <Filter>src</Filter>
    </ClInclude>
    <ClInclude Include="src\animation.h">
      <Filter>src</Filter>
    </ClInclude>
    <ClInclude Include="src\kinect2552.h">
      <Filter>src</Filter>
    </ClInclude>
    <ClInclude Include="src\networking.h">
      <Filter>src</Filter>
    </ClInclude>
    <ClInclude Include="src\control.h">
      <Filter>src</Filter>
    </ClInclude>
    <ClInclude Include="src\sound.h">
      <Filter>src</Filter>
    </ClInclude>
    <ClInclude Include="src\consts.h">
      <Filter>src</Filter>
    </ClInclude>
    <ClInclude Include="src\shaders.h">
      <Filter>src</Filter>
    </ClInclude>
    <ClInclude Include="..\..\..\addons\ofxNetwork\src\ofxNetwork.h">
      <Filter>addons\ofxNetwork\src</Filter>
    </ClInclude>
    <ClInclude Include="..\..\..\addons\ofxNetwork\src\ofxNetworkUtils.h">
      <Filter>addons\ofxNetwork\src</Filter>
    </ClInclude>
    <ClInclude Include="..\..\..\addons\ofxNetwork\src\ofxTCPClient.h">
      <Filter>addons\ofxNetwork\src</Filter>
    </ClInclude>
    <ClInclude Include="..\..\..\addons\ofxNetwork\src\ofxTCPManager.h">
      <Filter>addons\ofxNetwork\src</Filter>
    </ClInclude>
    <ClInclude Include="..\..\..\addons\ofxNetwork\src\ofxTCPServer.h">
      <Filter>addons\ofxNetwork\src</Filter>
    </ClInclude>
    <ClInclude Include="..\..\..\addons\ofxNetwork\src\ofxUDPManager.h">
      <Filter>addons\ofxNetwork\src</Filter>
    </ClInclude>
    <ClInclude Include="..\..\..\addons\ofxOsc\src\ofxOsc.h">
      <Filter>addons\ofxOsc\src</Filter>
    </ClInclude>
    <ClInclude Include="..\..\..\addons\ofxOsc\src\ofxOscArg.h">
      <Filter>addons\ofxOsc\src</Filter>
    </ClInclude>
    <ClInclude Include="..\..\..\addons\ofxOsc\src\ofxOscBundle.h">
      <Filter>addons\ofxOsc\src</Filter>
    </ClInclude>
    <ClInclude Include="..\..\..\addons\ofxOsc\src\ofxOscMessage.h">
      <Filter>addons\ofxOsc\src</Filter>
    </ClInclude>
    <ClInclude Include="..\..\..\addons\ofxOsc\src\ofxOscParameterSync.h">
      <Filter>addons\ofxOsc\src</Filter>
    </ClInclude>
    <ClInclude Include="..\..\..\addons\ofxOsc\src\ofxOscReceiver.h">
      <Filter>addons\ofxOsc\src</Filter>
    </ClInclude>
    <ClInclude Include="..\..\..\addons\ofxOsc\src\ofxOscSender.h">
      <Filter>addons\ofxOsc\src</Filter>
    </ClInclude>
    <ClInclude Include="..\..\..\addons\ofxOsc\libs\oscpack\src\ip\IpEndpointName.h">
      <Filter>addons\ofxOsc\libs\oscpack\src\ip</Filter>
    </ClInclude>
    <ClInclude Include="..\..\..\addons\ofxOsc\libs\oscpack\src\ip\NetworkingUtils.h">
      <Filter>addons\ofxOsc\libs\oscpack\src\ip</Filter>
    </ClInclude>
    <ClInclude Include="..\..\..\addons\ofxOsc\libs\oscpack\src\ip\PacketListener.h">
      <Filter>addons\ofxOsc\libs\oscpack\src\ip</Filter>
    </ClInclude>
    <ClInclude Include="..\..\..\addons\ofxOsc\libs\oscpack\src\ip\TimerListener.h">
      <Filter>addons\ofxOsc\libs\oscpack\src\ip</Filter>
    </ClInclude>
    <ClInclude Include="..\..\..\addons\ofxOsc\libs\oscpack\src\ip\UdpSocket.h">
      <Filter>addons\ofxOsc\libs\oscpack\src\ip</Filter>
    </ClInclude>
    <ClInclude Include="..\..\..\addons\ofxOsc\libs\oscpack\src\osc\MessageMappingOscPacketListener.h">
      <Filter>addons\ofxOsc\libs\oscpack\src\osc</Filter>
    </ClInclude>
    <ClInclude Include="..\..\..\addons\ofxOsc\libs\oscpack\src\osc\OscException.h">
      <Filter>addons\ofxOsc\libs\oscpack\src\osc</Filter>
    </ClInclude>
    <ClInclude Include="..\..\..\addons\ofxOsc\libs\oscpack\src\osc\OscHostEndianness.h">
      <Filter>addons\ofxOsc\libs\oscpack\src\osc</Filter>
    </ClInclude>
    <ClInclude Include="..\..\..\addons\ofxOsc\libs\oscpack\src\osc\OscOutboundPacketStream.h">
      <Filter>addons\ofxOsc\libs\oscpack\src\osc</Filter>
    </ClInclude>
    <ClInclude Include="..\..\..\addons\ofxOsc\libs\oscpack\src\osc\OscPacketListener.h">
      <Filter>addons\ofxOsc\libs\oscpack\src\osc</Filter>
    </ClInclude>
    <ClInclude Include="..\..\..\addons\ofxOsc\libs\oscpack\src\osc\OscPrintReceivedElements.h">
      <Filter>addons\ofxOsc\libs\oscpack\src\osc</Filter>
    </ClInclude>
    <ClInclude Include="..\..\..\addons\ofxOsc\libs\oscpack\src\osc\OscReceivedElements.h">
      <Filter>addons\ofxOsc\libs\oscpack\src\osc</Filter>
    </ClInclude>
    <ClInclude Include="..\..\..\addons\ofxOsc\libs\oscpack\src\osc\OscTypes.h">
      <Filter>addons\ofxOsc\libs\oscpack\src\osc</Filter>
    </ClInclude>
    <ClInclude Include="..\..\..\addons\ofxAnimatable\src\ofxAnimatable.h">
      <Filter>addons\ofxAnimatable\src</Filter>
    </ClInclude>
    <ClInclude Include="..\..\..\addons\ofxAnimatable\src\ofxAnimatableFloat.h">
      <Filter>addons\ofxAnimatable\src</Filter>
    </ClInclude>
    <ClInclude Include="..\..\..\addons\ofxAnimatable\src\ofxAnimatableOfColor.h">
      <Filter>addons\ofxAnimatable\src</Filter>
    </ClInclude>
    <ClInclude Include="..\..\..\addons\ofxAnimatable\src\ofxAnimatableOfPoint.h">
      <Filter>addons\ofxAnimatable\src</Filter>
    </ClInclude>
    <ClInclude Include="..\..\..\addons\ofxBeat\src\fft.h">
      <Filter>addons\ofxBeat\src</Filter>
    </ClInclude>
    <ClInclude Include="..\..\..\addons\ofxBeat\src\ofxBeat.h">
      <Filter>addons\ofxBeat\src</Filter>
    </ClInclude>
    <ClInclude Include="..\..\..\addons\ofxJson\src\ofxJSON.h">
      <Filter>addons\ofxJson\src</Filter>
    </ClInclude>
    <ClInclude Include="..\..\..\addons\ofxJson\src\ofxJSONElement.h">
      <Filter>addons\ofxJson\src</Filter>
    </ClInclude>
    <ClInclude Include="..\..\..\addons\ofxJson\libs\jsoncpp\include\json\json-forwards.h">
      <Filter>addons\ofxJson\libs\jsoncpp\include\json</Filter>
    </ClInclude>
    <ClInclude Include="..\..\..\addons\ofxJson\libs\jsoncpp\include\json\json.h">
      <Filter>addons\ofxJson\libs\jsoncpp\include\json</Filter>
    </ClInclude>
    <ClInclude Include="..\..\..\addons\ofxParagraph\src\ofxParagraph.h">
      <Filter>addons\ofxParagraph\src</Filter>
    </ClInclude>
    <ClInclude Include="..\..\..\addons\ofxSmartFont\src\ofxSmartFont.h">
      <Filter>addons\ofxSmartFont\src</Filter>
    </ClInclude>
    <ClInclude Include="..\..\..\addons\ofxSnappy\libs\snappy\src\snappy-internal.h">
      <Filter>addons\ofxSnappy\libs\snappy\src</Filter>
    </ClInclude>
    <ClInclude Include="..\..\..\addons\ofxSnappy\libs\snappy\src\snappy-sinksource.h">
      <Filter>addons\ofxSnappy\libs\snappy\src</Filter>
    </ClInclude>
    <ClInclude Include="..\..\..\addons\ofxSnappy\libs\snappy\src\snappy-stubs-internal.h">
      <Filter>addons\ofxSnappy\libs\snappy\src</Filter>
    </ClInclude>
    <ClInclude Include="..\..\..\addons\ofxSnappy\libs\snappy\src\snappy-stubs-public.h">
      <Filter>addons\ofxSnappy\libs\snappy\src</Filter>
    </ClInclude>
    <ClInclude Include="..\..\..\addons\ofxSnappy\libs\snappy\src\snappy.h">
      <Filter>addons\ofxSnappy\libs\snappy\src</Filter>
    </ClInclude>
    <ClInclude Include="..\..\..\addons\ofxXmlSettings\src\ofxXmlSettings.h">
      <Filter>addons\ofxXmlSettings\src</Filter>
    </ClInclude>
    <ClInclude Include="..\..\..\addons\ofxXmlSettings\libs\tinyxml.h">
      <Filter>addons\ofxXmlSettings\libs</Filter>
    </ClInclude>
  </ItemGroup>
  <ItemGroup>
    <ResourceCompile Include="icon.rc" />
  </ItemGroup>
  <ItemGroup>
    <None Include="bin\data\json.json" />
  </ItemGroup>
</Project>